{
  "requires": true,
  "lockfileVersion": 1,
  "dependencies": {
    "i18n-js": {
      "version": "3.1.0",
      "resolved": "https://registry.npmjs.org/i18n-js/-/i18n-js-3.1.0.tgz",
      "integrity": "sha512-xkpkBgf7anfmoRnJFdTqSQuv3phuP2DHEakWbNJUQMZxaLf146dcYWscOyN6wlG6R2WgS6AE7y664yiAaXXDwg=="
    }
  }
}
